
Microsoft Visual Studio Solution File, Format Version 12.00
# Visual Studio Version 17
VisualStudioVersion = 17.0.31903.59
MinimumVisualStudioVersion = 10.0.40219.1
Project("{FAE04EC0-301F-11D3-BF4B-00C04F79EFBC}") = "Prediko", "Prediko\Prediko.Web.csproj", "{92220039-60FA-4987-8B8E-7D373CD81576}"
EndProject
Project("{FAE04EC0-301F-11D3-BF4B-00C04F79EFBC}") = "Prediko", "Prediko\Prediko.csproj", "{6BA6FB8C-E770-41FD-9979-427880304AF2}"
EndProject
Global
	GlobalSection(SolutionConfigurationPlatforms) = preSolution
		Debug|Any CPU = Debug|Any CPU
		Release|Any CPU = Release|Any CPU
	EndGlobalSection
	GlobalSection(SolutionProperties) = preSolution
		HideSolutionNode = FALSE
	EndGlobalSection
	GlobalSection(ProjectConfigurationPlatforms) = postSolution
		{92220039-60FA-4987-8B8E-7D373CD81576}.Debug|Any CPU.ActiveCfg = Debug|Any CPU
		{92220039-60FA-4987-8B8E-7D373CD81576}.Debug|Any CPU.Build.0 = Debug|Any CPU
		{92220039-60FA-4987-8B8E-7D373CD81576}.Release|Any CPU.ActiveCfg = Release|Any CPU
		{92220039-60FA-4987-8B8E-7D373CD81576}.Release|Any CPU.Build.0 = Release|Any CPU
		{6BA6FB8C-E770-41FD-9979-427880304AF2}.Debug|Any CPU.ActiveCfg = Debug|Any CPU
		{6BA6FB8C-E770-41FD-9979-427880304AF2}.Debug|Any CPU.Build.0 = Debug|Any CPU
		{6BA6FB8C-E770-41FD-9979-427880304AF2}.Release|Any CPU.ActiveCfg = Release|Any CPU
		{6BA6FB8C-E770-41FD-9979-427880304AF2}.Release|Any CPU.Build.0 = Release|Any CPU
	EndGlobalSection
EndGlobal
